
Microsoft Visual Studio Solution File, Format Version 12.00
# Visual Studio Version 17
VisualStudioVersion = 17.5.002.0
MinimumVisualStudioVersion = 10.0.40219.1
Project("{9A19103F-16F7-4668-BE54-9A1E7A4F7556}") = "Veeam-Task", "Veeam-Task.csproj", "{27D7655A-AD6E-4F90-AF53-63F10A7D6B90}"
EndProject
Global
	GlobalSection(SolutionConfigurationPlatforms) = preSolution
		Debug|Any CPU = Debug|Any CPU
		Release|Any CPU = Release|Any CPU
	EndGlobalSection
	GlobalSection(ProjectConfigurationPlatforms) = postSolution
		{27D7655A-AD6E-4F90-AF53-63F10A7D6B90}.Debug|Any CPU.ActiveCfg = Debug|Any CPU
		{27D7655A-AD6E-4F90-AF53-63F10A7D6B90}.Debug|Any CPU.Build.0 = Debug|Any CPU
		{27D7655A-AD6E-4F90-AF53-63F10A7D6B90}.Release|Any CPU.ActiveCfg = Release|Any CPU
		{27D7655A-AD6E-4F90-AF53-63F10A7D6B90}.Release|Any CPU.Build.0 = Release|Any CPU
	EndGlobalSection
	GlobalSection(SolutionProperties) = preSolution
		HideSolutionNode = FALSE
	EndGlobalSection
	GlobalSection(ExtensibilityGlobals) = postSolution
		SolutionGuid = {8666ED75-8621-40EF-8CE5-502B00E4C6A6}
	EndGlobalSection
EndGlobal
